
Microsoft Visual Studio Solution File, Format Version 12.00
# Visual Studio Version 17
VisualStudioVersion = 17.12.35506.116 d17.12
MinimumVisualStudioVersion = 10.0.40219.1
Project("{FAE04EC0-301F-11D3-BF4B-00C04F79EFBC}") = "PB305Lab1", "PB305Lab1\PB305Lab1.csproj", "{BA7F22C2-1BE1-44A1-A9BB-C92785AD34CD}"
EndProject
Global
	GlobalSection(SolutionConfigurationPlatforms) = preSolution
		Debug|Any CPU = Debug|Any CPU
		Release|Any CPU = Release|Any CPU
	EndGlobalSection
	GlobalSection(ProjectConfigurationPlatforms) = postSolution
		{BA7F22C2-1BE1-44A1-A9BB-C92785AD34CD}.Debug|Any CPU.ActiveCfg = Debug|Any CPU
		{BA7F22C2-1BE1-44A1-A9BB-C92785AD34CD}.Debug|Any CPU.Build.0 = Debug|Any CPU
		{BA7F22C2-1BE1-44A1-A9BB-C92785AD34CD}.Release|Any CPU.ActiveCfg = Release|Any CPU
		{BA7F22C2-1BE1-44A1-A9BB-C92785AD34CD}.Release|Any CPU.Build.0 = Release|Any CPU
	EndGlobalSection
	GlobalSection(SolutionProperties) = preSolution
		HideSolutionNode = FALSE
	EndGlobalSection
EndGlobal
