
Microsoft Visual Studio Solution File, Format Version 12.00
# Visual Studio Version 17
VisualStudioVersion = 17.12.35506.116
MinimumVisualStudioVersion = 10.0.40219.1
Project("{FAE04EC0-301F-11D3-BF4B-00C04F79EFBC}") = "05.02Lab", "05.02Lab\05.02Lab.csproj", "{CE031A62-DC04-44FB-800B-6E173144A7A6}"
EndProject
Project("{FAE04EC0-301F-11D3-BF4B-00C04F79EFBC}") = "04.25Lab", "04.25Lab\04.25Lab.csproj", "{727D4977-FAC3-4AE3-A711-AF1666A55EA0}"
EndProject
Global
	GlobalSection(SolutionConfigurationPlatforms) = preSolution
		Debug|Any CPU = Debug|Any CPU
		Release|Any CPU = Release|Any CPU
	EndGlobalSection
	GlobalSection(ProjectConfigurationPlatforms) = postSolution
		{CE031A62-DC04-44FB-800B-6E173144A7A6}.Debug|Any CPU.ActiveCfg = Debug|Any CPU
		{CE031A62-DC04-44FB-800B-6E173144A7A6}.Debug|Any CPU.Build.0 = Debug|Any CPU
		{CE031A62-DC04-44FB-800B-6E173144A7A6}.Release|Any CPU.ActiveCfg = Release|Any CPU
		{CE031A62-DC04-44FB-800B-6E173144A7A6}.Release|Any CPU.Build.0 = Release|Any CPU
		{727D4977-FAC3-4AE3-A711-AF1666A55EA0}.Debug|Any CPU.ActiveCfg = Debug|Any CPU
		{727D4977-FAC3-4AE3-A711-AF1666A55EA0}.Debug|Any CPU.Build.0 = Debug|Any CPU
		{727D4977-FAC3-4AE3-A711-AF1666A55EA0}.Release|Any CPU.ActiveCfg = Release|Any CPU
		{727D4977-FAC3-4AE3-A711-AF1666A55EA0}.Release|Any CPU.Build.0 = Release|Any CPU
	EndGlobalSection
	GlobalSection(SolutionProperties) = preSolution
		HideSolutionNode = FALSE
	EndGlobalSection
EndGlobal
