
Microsoft Visual Studio Solution File, Format Version 12.00
# Visual Studio Version 17
VisualStudioVersion = 17.12.35506.116
MinimumVisualStudioVersion = 10.0.40219.1
Project("{FAE04EC0-301F-11D3-BF4B-00C04F79EFBC}") = "CarManagement.Core", "CarManagement.Core\CarManagement.Core.csproj", "{45164D98-C132-41AF-9C8D-9E73840E80E2}"
EndProject
Project("{FAE04EC0-301F-11D3-BF4B-00C04F79EFBC}") = "CarManagement.DAL", "CarManagement.DAL\CarManagement.DAL.csproj", "{48D42D1F-48AA-4E40-A9D9-1B46BE4861BA}"
EndProject
Project("{FAE04EC0-301F-11D3-BF4B-00C04F79EFBC}") = "CarManagement.BLL", "CarManagement.BLL\CarManagement.BLL.csproj", "{A41903A2-3366-4CB7-AE1E-BF0C9F5EC05C}"
EndProject
Project("{FAE04EC0-301F-11D3-BF4B-00C04F79EFBC}") = "CarManagement.UI", "CarManagement.UI\CarManagement.UI.csproj", "{3E3EE49B-CBBD-468E-8AE0-74673EBAE811}"
EndProject
Global
	GlobalSection(SolutionConfigurationPlatforms) = preSolution
		Debug|Any CPU = Debug|Any CPU
		Release|Any CPU = Release|Any CPU
	EndGlobalSection
	GlobalSection(ProjectConfigurationPlatforms) = postSolution
		{45164D98-C132-41AF-9C8D-9E73840E80E2}.Debug|Any CPU.ActiveCfg = Debug|Any CPU
		{45164D98-C132-41AF-9C8D-9E73840E80E2}.Debug|Any CPU.Build.0 = Debug|Any CPU
		{45164D98-C132-41AF-9C8D-9E73840E80E2}.Release|Any CPU.ActiveCfg = Release|Any CPU
		{45164D98-C132-41AF-9C8D-9E73840E80E2}.Release|Any CPU.Build.0 = Release|Any CPU
		{48D42D1F-48AA-4E40-A9D9-1B46BE4861BA}.Debug|Any CPU.ActiveCfg = Debug|Any CPU
		{48D42D1F-48AA-4E40-A9D9-1B46BE4861BA}.Debug|Any CPU.Build.0 = Debug|Any CPU
		{48D42D1F-48AA-4E40-A9D9-1B46BE4861BA}.Release|Any CPU.ActiveCfg = Release|Any CPU
		{48D42D1F-48AA-4E40-A9D9-1B46BE4861BA}.Release|Any CPU.Build.0 = Release|Any CPU
		{A41903A2-3366-4CB7-AE1E-BF0C9F5EC05C}.Debug|Any CPU.ActiveCfg = Debug|Any CPU
		{A41903A2-3366-4CB7-AE1E-BF0C9F5EC05C}.Debug|Any CPU.Build.0 = Debug|Any CPU
		{A41903A2-3366-4CB7-AE1E-BF0C9F5EC05C}.Release|Any CPU.ActiveCfg = Release|Any CPU
		{A41903A2-3366-4CB7-AE1E-BF0C9F5EC05C}.Release|Any CPU.Build.0 = Release|Any CPU
		{3E3EE49B-CBBD-468E-8AE0-74673EBAE811}.Debug|Any CPU.ActiveCfg = Debug|Any CPU
		{3E3EE49B-CBBD-468E-8AE0-74673EBAE811}.Debug|Any CPU.Build.0 = Debug|Any CPU
		{3E3EE49B-CBBD-468E-8AE0-74673EBAE811}.Release|Any CPU.ActiveCfg = Release|Any CPU
		{3E3EE49B-CBBD-468E-8AE0-74673EBAE811}.Release|Any CPU.Build.0 = Release|Any CPU
	EndGlobalSection
	GlobalSection(SolutionProperties) = preSolution
		HideSolutionNode = FALSE
	EndGlobalSection
EndGlobal
